<Solution>
  <Folder Name="/Applications/" />
  <Folder Name="/WebServices/" />
  <Folder Name="/WebServices/VehicleInventory/">
    <Project Path="VehicleInventory.Application/VehicleInventory.Application.csproj" Id="3a4cf5ec-f370-4aad-965b-cdbfe0140d0b" />
    <Project Path="VehicleInventory.Domain/VehicleInventory.Domain.csproj" />
    <Project Path="VehicleInventory.Infrastructure/VehicleInventory.Infrastructure.csproj" Id="5c16fcc8-d33e-433e-8c26-ee32b0d927f8" />
    <Project Path="VehicleInventory.WebAPI/VehicleInventory.WebAPI.csproj" />
  </Folder>
</Solution>
